
Microsoft Visual Studio Solution File, Format Version 12.00
# Visual Studio 15
VisualStudioVersion = 15.0.27130.2036
MinimumVisualStudioVersion = 10.0.40219.1
Project("{FAE04EC0-301F-11D3-BF4B-00C04F79EFBC}") = "WoWAddonManagement", "WoWAddonManagement\WoWAddonManagement.csproj", "{A69DE337-CE9F-4921-87D9-F491B518FDF5}"
EndProject
Global
	GlobalSection(SolutionConfigurationPlatforms) = preSolution
		Debug|Any CPU = Debug|Any CPU
		Release|Any CPU = Release|Any CPU
	EndGlobalSection
	GlobalSection(ProjectConfigurationPlatforms) = postSolution
		{A69DE337-CE9F-4921-87D9-F491B518FDF5}.Debug|Any CPU.ActiveCfg = Debug|Any CPU
		{A69DE337-CE9F-4921-87D9-F491B518FDF5}.Debug|Any CPU.Build.0 = Debug|Any CPU
		{A69DE337-CE9F-4921-87D9-F491B518FDF5}.Release|Any CPU.ActiveCfg = Release|Any CPU
		{A69DE337-CE9F-4921-87D9-F491B518FDF5}.Release|Any CPU.Build.0 = Release|Any CPU
	EndGlobalSection
	GlobalSection(SolutionProperties) = preSolution
		HideSolutionNode = FALSE
	EndGlobalSection
	GlobalSection(ExtensibilityGlobals) = postSolution
		SolutionGuid = {9F7FCC0E-0859-47B7-A599-B6075F0CC668}
	EndGlobalSection
EndGlobal
